// !$*UTF8*$!
{
	archiveVersion = 1;
	classes = {
	};
	objectVersion = 50;
	objects = {

/* Begin PBXBuildFile section */
		D0B84F9426C51A3500888C59 /* Assets.xcassets in Resources */ = {isa = PBXBuildFile; fileRef = D0B84F9326C51A3500888C59 /* Assets.xcassets */; };
		D0B84F9726C51A3500888C59 /* Main.storyboard in Resources */ = {isa = PBXBuildFile; fileRef = D0B84F9526C51A3500888C59 /* Main.storyboard */; };
		D0B84FA526C51A3600888C59 /* OpenGLDemoTests.m in Sources */ = {isa = PBXBuildFile; fileRef = D0B84FA426C51A3600888C59 /* OpenGLDemoTests.m */; };
		D0B84FB026C51A3600888C59 /* OpenGLDemoUITests.m in Sources */ = {isa = PBXBuildFile; fileRef = D0B84FAF26C51A3600888C59 /* OpenGLDemoUITests.m */; };
		D0B84FF326C6034100888C59 /* OpenGL.framework in Frameworks */ = {isa = PBXBuildFile; fileRef = D0B84FF226C6034100888C59 /* OpenGL.framework */; };
		D0B84FF526C6034700888C59 /* GLUT.framework in Frameworks */ = {isa = PBXBuildFile; fileRef = D0B84FF426C6034700888C59 /* GLUT.framework */; };
		D0B84FF726C6034F00888C59 /* libGLTools.a in Frameworks */ = {isa = PBXBuildFile; fileRef = D0B84FF626C6034F00888C59 /* libGLTools.a */; };
		D0B8500B26C6119500888C59 /* main.cpp in Sources */ = {isa = PBXBuildFile; fileRef = D0B8500A26C6119500888C59 /* main.cpp */; };
/* End PBXBuildFile section */

/* Begin PBXContainerItemProxy section */
		D0B84FA126C51A3600888C59 /* PBXContainerItemProxy */ = {
			isa = PBXContainerItemProxy;
			containerPortal = D0B84F8226C51A3500888C59 /* Project object */;
			proxyType = 1;
			remoteGlobalIDString = D0B84F8926C51A3500888C59;
			remoteInfo = OpenGLDemo;
		};
		D0B84FAC26C51A3600888C59 /* PBXContainerItemProxy */ = {
			isa = PBXContainerItemProxy;
			containerPortal = D0B84F8226C51A3500888C59 /* Project object */;
			proxyType = 1;
			remoteGlobalIDString = D0B84F8926C51A3500888C59;
			remoteInfo = OpenGLDemo;
		};
/* End PBXContainerItemProxy section */

/* Begin PBXFileReference section */
		D0B84F8A26C51A3500888C59 /* OpenGLDemo.app */ = {isa = PBXFileReference; explicitFileType = wrapper.application; includeInIndex = 0; path = OpenGLDemo.app; sourceTree = BUILT_PRODUCTS_DIR; };
		D0B84F9326C51A3500888C59 /* Assets.xcassets */ = {isa = PBXFileReference; lastKnownFileType = folder.assetcatalog; path = Assets.xcassets; sourceTree = "<group>"; };
		D0B84F9626C51A3500888C59 /* Base */ = {isa = PBXFileReference; lastKnownFileType = file.storyboard; name = Base; path = Base.lproj/Main.storyboard; sourceTree = "<group>"; };
		D0B84F9826C51A3500888C59 /* Info.plist */ = {isa = PBXFileReference; lastKnownFileType = text.plist.xml; path = Info.plist; sourceTree = "<group>"; };
		D0B84F9B26C51A3500888C59 /* OpenGLDemo.entitlements */ = {isa = PBXFileReference; lastKnownFileType = text.plist.entitlements; path = OpenGLDemo.entitlements; sourceTree = "<group>"; };
		D0B84FA026C51A3600888C59 /* OpenGLDemoTests.xctest */ = {isa = PBXFileReference; explicitFileType = wrapper.cfbundle; includeInIndex = 0; path = OpenGLDemoTests.xctest; sourceTree = BUILT_PRODUCTS_DIR; };
		D0B84FA426C51A3600888C59 /* OpenGLDemoTests.m */ = {isa = PBXFileReference; lastKnownFileType = sourcecode.c.objc; path = OpenGLDemoTests.m; sourceTree = "<group>"; };
		D0B84FA626C51A3600888C59 /* Info.plist */ = {isa = PBXFileReference; lastKnownFileType = text.plist.xml; path = Info.plist; sourceTree = "<group>"; };
		D0B84FAB26C51A3600888C59 /* OpenGLDemoUITests.xctest */ = {isa = PBXFileReference; explicitFileType = wrapper.cfbundle; includeInIndex = 0; path = OpenGLDemoUITests.xctest; sourceTree = BUILT_PRODUCTS_DIR; };
		D0B84FAF26C51A3600888C59 /* OpenGLDemoUITests.m */ = {isa = PBXFileReference; lastKnownFileType = sourcecode.c.objc; path = OpenGLDemoUITests.m; sourceTree = "<group>"; };
		D0B84FB126C51A3600888C59 /* Info.plist */ = {isa = PBXFileReference; lastKnownFileType = text.plist.xml; path = Info.plist; sourceTree = "<group>"; };
		D0B84FF226C6034100888C59 /* OpenGL.framework */ = {isa = PBXFileReference; lastKnownFileType = wrapper.framework; name = OpenGL.framework; path = System/Library/Frameworks/OpenGL.framework; sourceTree = SDKROOT; };
		D0B84FF426C6034700888C59 /* GLUT.framework */ = {isa = PBXFileReference; lastKnownFileType = wrapper.framework; name = GLUT.framework; path = System/Library/Frameworks/GLUT.framework; sourceTree = SDKROOT; };
		D0B84FF626C6034F00888C59 /* libGLTools.a */ = {isa = PBXFileReference; lastKnownFileType = archive.ar; path = libGLTools.a; sourceTree = "<group>"; };
		D0B84FF926C6035500888C59 /* GLBatchBase.h */ = {isa = PBXFileReference; fileEncoding = 4; lastKnownFileType = sourcecode.c.h; path = GLBatchBase.h; sourceTree = "<group>"; };
		D0B84FFA26C6035500888C59 /* math3d.h */ = {isa = PBXFileReference; fileEncoding = 4; lastKnownFileType = sourcecode.c.h; path = math3d.h; sourceTree = "<group>"; };
		D0B84FFB26C6035500888C59 /* GLTriangleBatch.h */ = {isa = PBXFileReference; fileEncoding = 4; lastKnownFileType = sourcecode.c.h; path = GLTriangleBatch.h; sourceTree = "<group>"; };
		D0B84FFC26C6035500888C59 /* GLBatch.h */ = {isa = PBXFileReference; fileEncoding = 4; lastKnownFileType = sourcecode.c.h; path = GLBatch.h; sourceTree = "<group>"; };
		D0B84FFD26C6035500888C59 /* GLMatrixStack.h */ = {isa = PBXFileReference; fileEncoding = 4; lastKnownFileType = sourcecode.c.h; path = GLMatrixStack.h; sourceTree = "<group>"; };
		D0B84FFE26C6035500888C59 /* GLFrame.h */ = {isa = PBXFileReference; fileEncoding = 4; lastKnownFileType = sourcecode.c.h; path = GLFrame.h; sourceTree = "<group>"; };
		D0B84FFF26C6035500888C59 /* GLFrustum.h */ = {isa = PBXFileReference; fileEncoding = 4; lastKnownFileType = sourcecode.c.h; path = GLFrustum.h; sourceTree = "<group>"; };
		D0B8500026C6035500888C59 /* GLGeometryTransform.h */ = {isa = PBXFileReference; fileEncoding = 4; lastKnownFileType = sourcecode.c.h; path = GLGeometryTransform.h; sourceTree = "<group>"; };
		D0B8500126C6035500888C59 /* GLShaderManager.h */ = {isa = PBXFileReference; fileEncoding = 4; lastKnownFileType = sourcecode.c.h; path = GLShaderManager.h; sourceTree = "<group>"; };
		D0B8500226C6035500888C59 /* StopWatch.h */ = {isa = PBXFileReference; fileEncoding = 4; lastKnownFileType = sourcecode.c.h; path = StopWatch.h; sourceTree = "<group>"; };
		D0B8500426C6035500888C59 /* glxew.h */ = {isa = PBXFileReference; fileEncoding = 4; lastKnownFileType = sourcecode.c.h; path = glxew.h; sourceTree = "<group>"; };
		D0B8500526C6035500888C59 /* wglew.h */ = {isa = PBXFileReference; fileEncoding = 4; lastKnownFileType = sourcecode.c.h; path = wglew.h; sourceTree = "<group>"; };
		D0B8500626C6035500888C59 /* glew.h */ = {isa = PBXFileReference; fileEncoding = 4; lastKnownFileType = sourcecode.c.h; path = glew.h; sourceTree = "<group>"; };
		D0B8500726C6035500888C59 /* GLTools.h */ = {isa = PBXFileReference; fileEncoding = 4; lastKnownFileType = sourcecode.c.h; path = GLTools.h; sourceTree = "<group>"; };
		D0B8500A26C6119500888C59 /* main.cpp */ = {isa = PBXFileReference; fileEncoding = 4; lastKnownFileType = sourcecode.cpp.cpp; path = main.cpp; sourceTree = "<group>"; };
/* End PBXFileReference section */

/* Begin PBXFrameworksBuildPhase section */
		D0B84F8726C51A3500888C59 /* Frameworks */ = {
			isa = PBXFrameworksBuildPhase;
			buildActionMask = 2147483647;
			files = (
				D0B84FF726C6034F00888C59 /* libGLTools.a in Frameworks */,
				D0B84FF526C6034700888C59 /* GLUT.framework in Frameworks */,
				D0B84FF326C6034100888C59 /* OpenGL.framework in Frameworks */,
			);
			runOnlyForDeploymentPostprocessing = 0;
		};
		D0B84F9D26C51A3600888C59 /* Frameworks */ = {
			isa = PBXFrameworksBuildPhase;
			buildActionMask = 2147483647;
			files = (
			);
			runOnlyForDeploymentPostprocessing = 0;
		};
		D0B84FA826C51A3600888C59 /* Frameworks */ = {
			isa = PBXFrameworksBuildPhase;
			buildActionMask = 2147483647;
			files = (
			);
			runOnlyForDeploymentPostprocessing = 0;
		};
/* End PBXFrameworksBuildPhase section */

/* Begin PBXGroup section */
		D0B84F8126C51A3500888C59 = {
			isa = PBXGroup;
			children = (
				D0B84F8C26C51A3500888C59 /* OpenGLDemo */,
				D0B84FA326C51A3600888C59 /* OpenGLDemoTests */,
				D0B84FAE26C51A3600888C59 /* OpenGLDemoUITests */,
				D0B84F8B26C51A3500888C59 /* Products */,
				D0B84FF126C6034100888C59 /* Frameworks */,
			);
			sourceTree = "<group>";
		};
		D0B84F8B26C51A3500888C59 /* Products */ = {
			isa = PBXGroup;
			children = (
				D0B84F8A26C51A3500888C59 /* OpenGLDemo.app */,
				D0B84FA026C51A3600888C59 /* OpenGLDemoTests.xctest */,
				D0B84FAB26C51A3600888C59 /* OpenGLDemoUITests.xctest */,
			);
			name = Products;
			sourceTree = "<group>";
		};
		D0B84F8C26C51A3500888C59 /* OpenGLDemo */ = {
			isa = PBXGroup;
			children = (
				D0B84FF826C6035500888C59 /* include */,
				D0B84F9326C51A3500888C59 /* Assets.xcassets */,
				D0B84F9526C51A3500888C59 /* Main.storyboard */,
				D0B84F9826C51A3500888C59 /* Info.plist */,
				D0B84F9B26C51A3500888C59 /* OpenGLDemo.entitlements */,
				D0B8500A26C6119500888C59 /* main.cpp */,
			);
			path = OpenGLDemo;
			sourceTree = "<group>";
		};
		D0B84FA326C51A3600888C59 /* OpenGLDemoTests */ = {
			isa = PBXGroup;
			children = (
				D0B84FA426C51A3600888C59 /* OpenGLDemoTests.m */,
				D0B84FA626C51A3600888C59 /* Info.plist */,
			);
			path = OpenGLDemoTests;
			sourceTree = "<group>";
		};
		D0B84FAE26C51A3600888C59 /* OpenGLDemoUITests */ = {
			isa = PBXGroup;
			children = (
				D0B84FAF26C51A3600888C59 /* OpenGLDemoUITests.m */,
				D0B84FB126C51A3600888C59 /* Info.plist */,
			);
			path = OpenGLDemoUITests;
			sourceTree = "<group>";
		};
		D0B84FF126C6034100888C59 /* Frameworks */ = {
			isa = PBXGroup;
			children = (
				D0B84FF626C6034F00888C59 /* libGLTools.a */,
				D0B84FF426C6034700888C59 /* GLUT.framework */,
				D0B84FF226C6034100888C59 /* OpenGL.framework */,
			);
			name = Frameworks;
			sourceTree = "<group>";
		};
		D0B84FF826C6035500888C59 /* include */ = {
			isa = PBXGroup;
			children = (
				D0B84FF926C6035500888C59 /* GLBatchBase.h */,
				D0B84FFA26C6035500888C59 /* math3d.h */,
				D0B84FFB26C6035500888C59 /* GLTriangleBatch.h */,
				D0B84FFC26C6035500888C59 /* GLBatch.h */,
				D0B84FFD26C6035500888C59 /* GLMatrixStack.h */,
				D0B84FFE26C6035500888C59 /* GLFrame.h */,
				D0B84FFF26C6035500888C59 /* GLFrustum.h */,
				D0B8500026C6035500888C59 /* GLGeometryTransform.h */,
				D0B8500126C6035500888C59 /* GLShaderManager.h */,
				D0B8500226C6035500888C59 /* StopWatch.h */,
				D0B8500326C6035500888C59 /* GL */,
				D0B8500726C6035500888C59 /* GLTools.h */,
			);
			path = include;
			sourceTree = "<group>";
		};
		D0B8500326C6035500888C59 /* GL */ = {
			isa = PBXGroup;
			children = (
				D0B8500426C6035500888C59 /* glxew.h */,
				D0B8500526C6035500888C59 /* wglew.h */,
				D0B8500626C6035500888C59 /* glew.h */,
			);
			path = GL;
			sourceTree = "<group>";
		};
/* End PBXGroup section */

/* Begin PBXNativeTarget section */
		D0B84F8926C51A3500888C59 /* OpenGLDemo */ = {
			isa = PBXNativeTarget;
			buildConfigurationList = D0B84FB426C51A3600888C59 /* Build configuration list for PBXNativeTarget "OpenGLDemo" */;
			buildPhases = (
				D0B84F8626C51A3500888C59 /* Sources */,
				D0B84F8726C51A3500888C59 /* Frameworks */,
				D0B84F8826C51A3500888C59 /* Resources */,
			);
			buildRules = (
			);
			dependencies = (
			);
			name = OpenGLDemo;
			productName = OpenGLDemo;
			productReference = D0B84F8A26C51A3500888C59 /* OpenGLDemo.app */;
			productType = "com.apple.product-type.application";
		};
		D0B84F9F26C51A3600888C59 /* OpenGLDemoTests */ = {
			isa = PBXNativeTarget;
			buildConfigurationList = D0B84FB726C51A3600888C59 /* Build configuration list for PBXNativeTarget "OpenGLDemoTests" */;
			buildPhases = (
				D0B84F9C26C51A3600888C59 /* Sources */,
				D0B84F9D26C51A3600888C59 /* Frameworks */,
				D0B84F9E26C51A3600888C59 /* Resources */,
			);
			buildRules = (
			);
			dependencies = (
				D0B84FA226C51A3600888C59 /* PBXTargetDependency */,
			);
			name = OpenGLDemoTests;
			productName = OpenGLDemoTests;
			productReference = D0B84FA026C51A3600888C59 /* OpenGLDemoTests.xctest */;
			productType = "com.apple.product-type.bundle.unit-test";
		};
		D0B84FAA26C51A3600888C59 /* OpenGLDemoUITests */ = {
			isa = PBXNativeTarget;
			buildConfigurationList = D0B84FBA26C51A3600888C59 /* Build configuration list for PBXNativeTarget "OpenGLDemoUITests" */;
			buildPhases = (
				D0B84FA726C51A3600888C59 /* Sources */,
				D0B84FA826C51A3600888C59 /* Frameworks */,
				D0B84FA926C51A3600888C59 /* Resources */,
			);
			buildRules = (
			);
			dependencies = (
				D0B84FAD26C51A3600888C59 /* PBXTargetDependency */,
			);
			name = OpenGLDemoUITests;
			productName = OpenGLDemoUITests;
			productReference = D0B84FAB26C51A3600888C59 /* OpenGLDemoUITests.xctest */;
			productType = "com.apple.product-type.bundle.ui-testing";
		};
/* End PBXNativeTarget section */

/* Begin PBXProject section */
		D0B84F8226C51A3500888C59 /* Project object */ = {
			isa = PBXProject;
			attributes = {
				LastUpgradeCheck = 1250;
				TargetAttributes = {
					D0B84F8926C51A3500888C59 = {
						CreatedOnToolsVersion = 12.5;
					};
					D0B84F9F26C51A3600888C59 = {
						CreatedOnToolsVersion = 12.5;
						TestTargetID = D0B84F8926C51A3500888C59;
					};
					D0B84FAA26C51A3600888C59 = {
						CreatedOnToolsVersion = 12.5;
						TestTargetID = D0B84F8926C51A3500888C59;
					};
				};
			};
			buildConfigurationList = D0B84F8526C51A3500888C59 /* Build configuration list for PBXProject "OpenGLDemo" */;
			compatibilityVersion = "Xcode 9.3";
			developmentRegion = en;
			hasScannedForEncodings = 0;
			knownRegions = (
				en,
				Base,
			);
			mainGroup = D0B84F8126C51A3500888C59;
			productRefGroup = D0B84F8B26C51A3500888C59 /* Products */;
			projectDirPath = "";
			projectRoot = "";
			targets = (
				D0B84F8926C51A3500888C59 /* OpenGLDemo */,
				D0B84F9F26C51A3600888C59 /* OpenGLDemoTests */,
				D0B84FAA26C51A3600888C59 /* OpenGLDemoUITests */,
			);
		};
/* End PBXProject section */

/* Begin PBXResourcesBuildPhase section */
		D0B84F8826C51A3500888C59 /* Resources */ = {
			isa = PBXResourcesBuildPhase;
			buildActionMask = 2147483647;
			files = (
				D0B84F9426C51A3500888C59 /* Assets.xcassets in Resources */,
				D0B84F9726C51A3500888C59 /* Main.storyboard in Resources */,
			);
			runOnlyForDeploymentPostprocessing = 0;
		};
		D0B84F9E26C51A3600888C59 /* Resources */ = {
			isa = PBXResourcesBuildPhase;
			buildActionMask = 2147483647;
			files = (
			);
			runOnlyForDeploymentPostprocessing = 0;
		};
		D0B84FA926C51A3600888C59 /* Resources */ = {
			isa = PBXResourcesBuildPhase;
			buildActionMask = 2147483647;
			files = (
			);
			runOnlyForDeploymentPostprocessing = 0;
		};
/* End PBXResourcesBuildPhase section */

/* Begin PBXSourcesBuildPhase section */
		D0B84F8626C51A3500888C59 /* Sources */ = {
			isa = PBXSourcesBuildPhase;
			buildActionMask = 2147483647;
			files = (
				D0B8500B26C6119500888C59 /* main.cpp in Sources */,
			);
			runOnlyForDeploymentPostprocessing = 0;
		};
		D0B84F9C26C51A3600888C59 /* Sources */ = {
			isa = PBXSourcesBuildPhase;
			buildActionMask = 2147483647;
			files = (
				D0B84FA526C51A3600888C59 /* OpenGLDemoTests.m in Sources */,
			);
			runOnlyForDeploymentPostprocessing = 0;
		};
		D0B84FA726C51A3600888C59 /* Sources */ = {
			isa = PBXSourcesBuildPhase;
			buildActionMask = 2147483647;
			files = (
				D0B84FB026C51A3600888C59 /* OpenGLDemoUITests.m in Sources */,
			);
			runOnlyForDeploymentPostprocessing = 0;
		};
/* End PBXSourcesBuildPhase section */

/* Begin PBXTargetDependency section */
		D0B84FA226C51A3600888C59 /* PBXTargetDependency */ = {
			isa = PBXTargetDependency;
			target = D0B84F8926C51A3500888C59 /* OpenGLDemo */;
			targetProxy = D0B84FA126C51A3600888C59 /* PBXContainerItemProxy */;
		};
		D0B84FAD26C51A3600888C59 /* PBXTargetDependency */ = {
			isa = PBXTargetDependency;
			target = D0B84F8926C51A3500888C59 /* OpenGLDemo */;
			targetProxy = D0B84FAC26C51A3600888C59 /* PBXContainerItemProxy */;
		};
/* End PBXTargetDependency section */

/* Begin PBXVariantGroup section */
		D0B84F9526C51A3500888C59 /* Main.storyboard */ = {
			isa = PBXVariantGroup;
			children = (
				D0B84F9626C51A3500888C59 /* Base */,
			);
			name = Main.storyboard;
			sourceTree = "<group>";
		};
/* End PBXVariantGroup section */

/* Begin XCBuildConfiguration section */
		D0B84FB226C51A3600888C59 /* Debug */ = {
			isa = XCBuildConfiguration;
			buildSettings = {
				ALWAYS_SEARCH_USER_PATHS = NO;
				CLANG_ANALYZER_NONNULL = YES;
				CLANG_ANALYZER_NUMBER_OBJECT_CONVERSION = YES_AGGRESSIVE;
				CLANG_CXX_LANGUAGE_STANDARD = "gnu++14";
				CLANG_CXX_LIBRARY = "libc++";
				CLANG_ENABLE_MODULES = YES;
				CLANG_ENABLE_OBJC_ARC = YES;
				CLANG_ENABLE_OBJC_WEAK = YES;
				CLANG_WARN_BLOCK_CAPTURE_AUTORELEASING = YES;
				CLANG_WARN_BOOL_CONVERSION = YES;
				CLANG_WARN_COMMA = YES;
				CLANG_WARN_CONSTANT_CONVERSION = YES;
				CLANG_WARN_DEPRECATED_OBJC_IMPLEMENTATIONS = YES;
				CLANG_WARN_DIRECT_OBJC_ISA_USAGE = YES_ERROR;
				CLANG_WARN_DOCUMENTATION_COMMENTS = YES;
				CLANG_WARN_EMPTY_BODY = YES;
				CLANG_WARN_ENUM_CONVERSION = YES;
				CLANG_WARN_INFINITE_RECURSION = YES;
				CLANG_WARN_INT_CONVERSION = YES;
				CLANG_WARN_NON_LITERAL_NULL_CONVERSION = YES;
				CLANG_WARN_OBJC_IMPLICIT_RETAIN_SELF = YES;
				CLANG_WARN_OBJC_LITERAL_CONVERSION = YES;
				CLANG_WARN_OBJC_ROOT_CLASS = YES_ERROR;
				CLANG_WARN_QUOTED_INCLUDE_IN_FRAMEWORK_HEADER = YES;
				CLANG_WARN_RANGE_LOOP_ANALYSIS = YES;
				CLANG_WARN_STRICT_PROTOTYPES = YES;
				CLANG_WARN_SUSPICIOUS_MOVE = YES;
				CLANG_WARN_UNGUARDED_AVAILABILITY = YES_AGGRESSIVE;
				CLANG_WARN_UNREACHABLE_CODE = YES;
				CLANG_WARN__DUPLICATE_METHOD_MATCH = YES;
				COPY_PHASE_STRIP = NO;
				DEBUG_INFORMATION_FORMAT = dwarf;
				ENABLE_STRICT_OBJC_MSGSEND = YES;
				ENABLE_TESTABILITY = YES;
				GCC_C_LANGUAGE_STANDARD = gnu11;
				GCC_DYNAMIC_NO_PIC = NO;
				GCC_NO_COMMON_BLOCKS = YES;
				GCC_OPTIMIZATION_LEVEL = 0;
				GCC_PREPROCESSOR_DEFINITIONS = (
					"DEBUG=1",
					"$(inherited)",
				);
				GCC_WARN_64_TO_32_BIT_CONVERSION = YES;
				GCC_WARN_ABOUT_RETURN_TYPE = YES_ERROR;
				GCC_WARN_UNDECLARED_SELECTOR = YES;
				GCC_WARN_UNINITIALIZED_AUTOS = YES_AGGRESSIVE;
				GCC_WARN_UNUSED_FUNCTION = YES;
				GCC_WARN_UNUSED_VARIABLE = YES;
				MACOSX_DEPLOYMENT_TARGET = 11.3;
				MTL_ENABLE_DEBUG_INFO = INCLUDE_SOURCE;
				MTL_FAST_MATH = YES;
				ONLY_ACTIVE_ARCH = YES;
				SDKROOT = macosx;
			};
			name = Debug;
		};
		D0B84FB326C51A3600888C59 /* Release */ = {
			isa = XCBuildConfiguration;
			buildSettings = {
				ALWAYS_SEARCH_USER_PATHS = NO;
				CLANG_ANALYZER_NONNULL = YES;
				CLANG_ANALYZER_NUMBER_OBJECT_CONVERSION = YES_AGGRESSIVE;
				CLANG_CXX_LANGUAGE_STANDARD = "gnu++14";
				CLANG_CXX_LIBRARY = "libc++";
				CLANG_ENABLE_MODULES = YES;
				CLANG_ENABLE_OBJC_ARC = YES;
				CLANG_ENABLE_OBJC_WEAK = YES;
				CLANG_WARN_BLOCK_CAPTURE_AUTORELEASING = YES;
				CLANG_WARN_BOOL_CONVERSION = YES;
				CLANG_WARN_COMMA = YES;
				CLANG_WARN_CONSTANT_CONVERSION = YES;
				CLANG_WARN_DEPRECATED_OBJC_IMPLEMENTATIONS = YES;
				CLANG_WARN_DIRECT_OBJC_ISA_USAGE = YES_ERROR;
				CLANG_WARN_DOCUMENTATION_COMMENTS = YES;
				CLANG_WARN_EMPTY_BODY = YES;
				CLANG_WARN_ENUM_CONVERSION = YES;
				CLANG_WARN_INFINITE_RECURSION = YES;
				CLANG_WARN_INT_CONVERSION = YES;
				CLANG_WARN_NON_LITERAL_NULL_CONVERSION = YES;
				CLANG_WARN_OBJC_IMPLICIT_RETAIN_SELF = YES;
				CLANG_WARN_OBJC_LITERAL_CONVERSION = YES;
				CLANG_WARN_OBJC_ROOT_CLASS = YES_ERROR;
				CLANG_WARN_QUOTED_INCLUDE_IN_FRAMEWORK_HEADER = YES;
				CLANG_WARN_RANGE_LOOP_ANALYSIS = YES;
				CLANG_WARN_STRICT_PROTOTYPES = YES;
				CLANG_WARN_SUSPICIOUS_MOVE = YES;
				CLANG_WARN_UNGUARDED_AVAILABILITY = YES_AGGRESSIVE;
				CLANG_WARN_UNREACHABLE_CODE = YES;
				CLANG_WARN__DUPLICATE_METHOD_MATCH = YES;
				COPY_PHASE_STRIP = NO;
				DEBUG_INFORMATION_FORMAT = "dwarf-with-dsym";
				ENABLE_NS_ASSERTIONS = NO;
				ENABLE_STRICT_OBJC_MSGSEND = YES;
				GCC_C_LANGUAGE_STANDARD = gnu11;
				GCC_NO_COMMON_BLOCKS = YES;
				GCC_WARN_64_TO_32_BIT_CONVERSION = YES;
				GCC_WARN_ABOUT_RETURN_TYPE = YES_ERROR;
				GCC_WARN_UNDECLARED_SELECTOR = YES;
				GCC_WARN_UNINITIALIZED_AUTOS = YES_AGGRESSIVE;
				GCC_WARN_UNUSED_FUNCTION = YES;
				GCC_WARN_UNUSED_VARIABLE = YES;
				MACOSX_DEPLOYMENT_TARGET = 11.3;
				MTL_ENABLE_DEBUG_INFO = NO;
				MTL_FAST_MATH = YES;
				SDKROOT = macosx;
			};
			name = Release;
		};
		D0B84FB526C51A3600888C59 /* Debug */ = {
			isa = XCBuildConfiguration;
			buildSettings = {
				ASSETCATALOG_COMPILER_APPICON_NAME = AppIcon;
				ASSETCATALOG_COMPILER_GLOBAL_ACCENT_COLOR_NAME = AccentColor;
				CODE_SIGN_ENTITLEMENTS = OpenGLDemo/OpenGLDemo.entitlements;
				CODE_SIGN_STYLE = Automatic;
				COMBINE_HIDPI_IMAGES = YES;
				DEVELOPMENT_TEAM = R8SQMM86L7;
				ENABLE_HARDENED_RUNTIME = NO;
				INFOPLIST_FILE = OpenGLDemo/Info.plist;
				LD_RUNPATH_SEARCH_PATHS = (
					"$(inherited)",
					"@executable_path/../Frameworks",
				);
				LIBRARY_SEARCH_PATHS = (
					"$(inherited)",
					"$(PROJECT_DIR)",
				);
				PRODUCT_BUNDLE_IDENTIFIER = com.cjf.OpenGLDemo;
				PRODUCT_NAME = "$(TARGET_NAME)";
			};
			name = Debug;
		};
		D0B84FB626C51A3600888C59 /* Release */ = {
			isa = XCBuildConfiguration;
			buildSettings = {
				ASSETCATALOG_COMPILER_APPICON_NAME = AppIcon;
				ASSETCATALOG_COMPILER_GLOBAL_ACCENT_COLOR_NAME = AccentColor;
				CODE_SIGN_ENTITLEMENTS = OpenGLDemo/OpenGLDemo.entitlements;
				CODE_SIGN_STYLE = Automatic;
				COMBINE_HIDPI_IMAGES = YES;
				DEVELOPMENT_TEAM = R8SQMM86L7;
				ENABLE_HARDENED_RUNTIME = NO;
				INFOPLIST_FILE = OpenGLDemo/Info.plist;
				LD_RUNPATH_SEARCH_PATHS = (
					"$(inherited)",
					"@executable_path/../Frameworks",
				);
				LIBRARY_SEARCH_PATHS = (
					"$(inherited)",
					"$(PROJECT_DIR)",
				);
				PRODUCT_BUNDLE_IDENTIFIER = com.cjf.OpenGLDemo;
				PRODUCT_NAME = "$(TARGET_NAME)";
			};
			name = Release;
		};
		D0B84FB826C51A3600888C59 /* Debug */ = {
			isa = XCBuildConfiguration;
			buildSettings = {
				BUNDLE_LOADER = "$(TEST_HOST)";
				CODE_SIGN_STYLE = Automatic;
				COMBINE_HIDPI_IMAGES = YES;
				DEVELOPMENT_TEAM = R8SQMM86L7;
				INFOPLIST_FILE = OpenGLDemoTests/Info.plist;
				LD_RUNPATH_SEARCH_PATHS = (
					"$(inherited)",
					"@executable_path/../Frameworks",
					"@loader_path/../Frameworks",
				);
				MACOSX_DEPLOYMENT_TARGET = 11.3;
				PRODUCT_BUNDLE_IDENTIFIER = com.cjf.OpenGLDemoTests;
				PRODUCT_NAME = "$(TARGET_NAME)";
				TEST_HOST = "$(BUILT_PRODUCTS_DIR)/OpenGLDemo.app/Contents/MacOS/OpenGLDemo";
			};
			name = Debug;
		};
		D0B84FB926C51A3600888C59 /* Release */ = {
			isa = XCBuildConfiguration;
			buildSettings = {
				BUNDLE_LOADER = "$(TEST_HOST)";
				CODE_SIGN_STYLE = Automatic;
				COMBINE_HIDPI_IMAGES = YES;
				DEVELOPMENT_TEAM = R8SQMM86L7;
				INFOPLIST_FILE = OpenGLDemoTests/Info.plist;
				LD_RUNPATH_SEARCH_PATHS = (
					"$(inherited)",
					"@executable_path/../Frameworks",
					"@loader_path/../Frameworks",
				);
				MACOSX_DEPLOYMENT_TARGET = 11.3;
				PRODUCT_BUNDLE_IDENTIFIER = com.cjf.OpenGLDemoTests;
				PRODUCT_NAME = "$(TARGET_NAME)";
				TEST_HOST = "$(BUILT_PRODUCTS_DIR)/OpenGLDemo.app/Contents/MacOS/OpenGLDemo";
			};
			name = Release;
		};
		D0B84FBB26C51A3600888C59 /* Debug */ = {
			isa = XCBuildConfiguration;
			buildSettings = {
				CODE_SIGN_STYLE = Automatic;
				COMBINE_HIDPI_IMAGES = YES;
				DEVELOPMENT_TEAM = R8SQMM86L7;
				INFOPLIST_FILE = OpenGLDemoUITests/Info.plist;
				LD_RUNPATH_SEARCH_PATHS = (
					"$(inherited)",
					"@executable_path/../Frameworks",
					"@loader_path/../Frameworks",
				);
				PRODUCT_BUNDLE_IDENTIFIER = com.cjf.OpenGLDemoUITests;
				PRODUCT_NAME = "$(TARGET_NAME)";
				TEST_TARGET_NAME = OpenGLDemo;
			};
			name = Debug;
		};
		D0B84FBC26C51A3600888C59 /* Release */ = {
			isa = XCBuildConfiguration;
			buildSettings = {
				CODE_SIGN_STYLE = Automatic;
				COMBINE_HIDPI_IMAGES = YES;
				DEVELOPMENT_TEAM = R8SQMM86L7;
				INFOPLIST_FILE = OpenGLDemoUITests/Info.plist;
				LD_RUNPATH_SEARCH_PATHS = (
					"$(inherited)",
					"@executable_path/../Frameworks",
					"@loader_path/../Frameworks",
				);
				PRODUCT_BUNDLE_IDENTIFIER = com.cjf.OpenGLDemoUITests;
				PRODUCT_NAME = "$(TARGET_NAME)";
				TEST_TARGET_NAME = OpenGLDemo;
			};
			name = Release;
		};
/* End XCBuildConfiguration section */

/* Begin XCConfigurationList section */
		D0B84F8526C51A3500888C59 /* Build configuration list for PBXProject "OpenGLDemo" */ = {
			isa = XCConfigurationList;
			buildConfigurations = (
				D0B84FB226C51A3600888C59 /* Debug */,
				D0B84FB326C51A3600888C59 /* Release */,
			);
			defaultConfigurationIsVisible = 0;
			defaultConfigurationName = Release;
		};
		D0B84FB426C51A3600888C59 /* Build configuration list for PBXNativeTarget "OpenGLDemo" */ = {
			isa = XCConfigurationList;
			buildConfigurations = (
				D0B84FB526C51A3600888C59 /* Debug */,
				D0B84FB626C51A3600888C59 /* Release */,
			);
			defaultConfigurationIsVisible = 0;
			defaultConfigurationName = Release;
		};
		D0B84FB726C51A3600888C59 /* Build configuration list for PBXNativeTarget "OpenGLDemoTests" */ = {
			isa = XCConfigurationList;
			buildConfigurations = (
				D0B84FB826C51A3600888C59 /* Debug */,
				D0B84FB926C51A3600888C59 /* Release */,
			);
			defaultConfigurationIsVisible = 0;
			defaultConfigurationName = Release;
		};
		D0B84FBA26C51A3600888C59 /* Build configuration list for PBXNativeTarget "OpenGLDemoUITests" */ = {
			isa = XCConfigurationList;
			buildConfigurations = (
				D0B84FBB26C51A3600888C59 /* Debug */,
				D0B84FBC26C51A3600888C59 /* Release */,
			);
			defaultConfigurationIsVisible = 0;
			defaultConfigurationName = Release;
		};
/* End XCConfigurationList section */
	};
	rootObject = D0B84F8226C51A3500888C59 /* Project object */;
}
